
Microsoft Visual Studio Solution File, Format Version 12.00
# Visual Studio Version 16
VisualStudioVersion = 16.0.30804.86
MinimumVisualStudioVersion = 10.0.40219.1
Project("{FAE04EC0-301F-11D3-BF4B-00C04F79EFBC}") = "VehicleService", "VehicleService\VehicleService.csproj", "{722D8366-6572-438B-BC94-84CCC7160250}"
EndProject
Global
	GlobalSection(SolutionConfigurationPlatforms) = preSolution
		Debug|Any CPU = Debug|Any CPU
		Release|Any CPU = Release|Any CPU
	EndGlobalSection
	GlobalSection(ProjectConfigurationPlatforms) = postSolution
		{722D8366-6572-438B-BC94-84CCC7160250}.Debug|Any CPU.ActiveCfg = Debug|Any CPU
		{722D8366-6572-438B-BC94-84CCC7160250}.Debug|Any CPU.Build.0 = Debug|Any CPU
		{722D8366-6572-438B-BC94-84CCC7160250}.Release|Any CPU.ActiveCfg = Release|Any CPU
		{722D8366-6572-438B-BC94-84CCC7160250}.Release|Any CPU.Build.0 = Release|Any CPU
	EndGlobalSection
	GlobalSection(SolutionProperties) = preSolution
		HideSolutionNode = FALSE
	EndGlobalSection
	GlobalSection(ExtensibilityGlobals) = postSolution
		SolutionGuid = {22542B2D-1FE9-42CD-A205-7E86D053E326}
	EndGlobalSection
EndGlobal
