
Microsoft Visual Studio Solution File, Format Version 12.00
# Visual Studio Version 16
VisualStudioVersion = 16.0.30804.86
MinimumVisualStudioVersion = 10.0.40219.1
Project("{FAE04EC0-301F-11D3-BF4B-00C04F79EFBC}") = "InventoryManagement", "InventoryManagement\InventoryManagement.csproj", "{8E65CC39-7760-4A34-BA84-B04A6C35DF31}"
EndProject
Global
	GlobalSection(SolutionConfigurationPlatforms) = preSolution
		Debug|Any CPU = Debug|Any CPU
		Release|Any CPU = Release|Any CPU
	EndGlobalSection
	GlobalSection(ProjectConfigurationPlatforms) = postSolution
		{8E65CC39-7760-4A34-BA84-B04A6C35DF31}.Debug|Any CPU.ActiveCfg = Debug|Any CPU
		{8E65CC39-7760-4A34-BA84-B04A6C35DF31}.Debug|Any CPU.Build.0 = Debug|Any CPU
		{8E65CC39-7760-4A34-BA84-B04A6C35DF31}.Release|Any CPU.ActiveCfg = Release|Any CPU
		{8E65CC39-7760-4A34-BA84-B04A6C35DF31}.Release|Any CPU.Build.0 = Release|Any CPU
	EndGlobalSection
	GlobalSection(SolutionProperties) = preSolution
		HideSolutionNode = FALSE
	EndGlobalSection
	GlobalSection(ExtensibilityGlobals) = postSolution
		SolutionGuid = {06E2A20F-BBB6-45E5-A5D4-F13CEB587A13}
	EndGlobalSection
EndGlobal
