
Microsoft Visual Studio Solution File, Format Version 12.00
# Visual Studio Version 16
VisualStudioVersion = 16.0.30804.86
MinimumVisualStudioVersion = 10.0.40219.1
Project("{FAE04EC0-301F-11D3-BF4B-00C04F79EFBC}") = "MVCVehicleService", "MVCVehicleService\MVCVehicleService.csproj", "{2C2D6FF1-2DE8-4FAE-8759-90F0541E162D}"
EndProject
Project("{FAE04EC0-301F-11D3-BF4B-00C04F79EFBC}") = "VehicleService.Model", "VehicleService.Model\VehicleService.Model.csproj", "{89F04EE6-60E4-4145-8E62-58D60349F285}"
EndProject
Project("{FAE04EC0-301F-11D3-BF4B-00C04F79EFBC}") = "VehicleService.DAL", "VehicleService.DAL\VehicleService.DAL.csproj", "{DE8D537B-3676-417D-B3BE-F148EC38FA51}"
EndProject
Global
	GlobalSection(SolutionConfigurationPlatforms) = preSolution
		Debug|Any CPU = Debug|Any CPU
		Release|Any CPU = Release|Any CPU
	EndGlobalSection
	GlobalSection(ProjectConfigurationPlatforms) = postSolution
		{2C2D6FF1-2DE8-4FAE-8759-90F0541E162D}.Debug|Any CPU.ActiveCfg = Debug|Any CPU
		{2C2D6FF1-2DE8-4FAE-8759-90F0541E162D}.Debug|Any CPU.Build.0 = Debug|Any CPU
		{2C2D6FF1-2DE8-4FAE-8759-90F0541E162D}.Release|Any CPU.ActiveCfg = Release|Any CPU
		{2C2D6FF1-2DE8-4FAE-8759-90F0541E162D}.Release|Any CPU.Build.0 = Release|Any CPU
		{89F04EE6-60E4-4145-8E62-58D60349F285}.Debug|Any CPU.ActiveCfg = Debug|Any CPU
		{89F04EE6-60E4-4145-8E62-58D60349F285}.Debug|Any CPU.Build.0 = Debug|Any CPU
		{89F04EE6-60E4-4145-8E62-58D60349F285}.Release|Any CPU.ActiveCfg = Release|Any CPU
		{89F04EE6-60E4-4145-8E62-58D60349F285}.Release|Any CPU.Build.0 = Release|Any CPU
		{DE8D537B-3676-417D-B3BE-F148EC38FA51}.Debug|Any CPU.ActiveCfg = Debug|Any CPU
		{DE8D537B-3676-417D-B3BE-F148EC38FA51}.Debug|Any CPU.Build.0 = Debug|Any CPU
		{DE8D537B-3676-417D-B3BE-F148EC38FA51}.Release|Any CPU.ActiveCfg = Release|Any CPU
		{DE8D537B-3676-417D-B3BE-F148EC38FA51}.Release|Any CPU.Build.0 = Release|Any CPU
	EndGlobalSection
	GlobalSection(SolutionProperties) = preSolution
		HideSolutionNode = FALSE
	EndGlobalSection
	GlobalSection(ExtensibilityGlobals) = postSolution
		SolutionGuid = {CB65BACF-F9A5-47C7-BF93-D11899D4C9DE}
	EndGlobalSection
EndGlobal
